# This file is automatically @generated by Cargo.
# It is not intended for manual editing.
[[package]]
name = "dht11-22_pi"
version = "0.1.0"
source = "git+https://github.com/TobiasNienhaus/dht22_pi.git#9cc13b95a61ba76488029bd4d4f2fa43a948c9cf"
dependencies = [
 "libc",
 "rppal",
]

[[package]]
name = "lazy_static"
version = "1.4.0"
source = "registry+https://github.com/rust-lang/crates.io-index"
checksum = "e2abad23fbc42b3700f2f279844dc832adb2b2eb069b2df918f455c4e18cc646"

[[package]]
name = "libc"
version = "0.2.94"
source = "registry+https://github.com/rust-lang/crates.io-index"
checksum = "18794a8ad5b29321f790b55d93dfba91e125cb1a9edbd4f8e3150acc771c1a5e"

[[package]]
name = "rppal"
version = "0.11.3"
source = "registry+https://github.com/rust-lang/crates.io-index"
checksum = "137dbba1fb867daa27cda4c3cd6a11bca5bb5a1551f034cf9319b994846ddbe1"
dependencies = [
 "lazy_static",
 "libc",
]

[[package]]
name = "thermometer-rs"
version = "0.1.0"
dependencies = [
 "dht11-22_pi",
]
